
Microsoft Visual Studio Solution File, Format Version 12.00
# Visual Studio Version 17
VisualStudioVersion = 17.2.32427.441
MinimumVisualStudioVersion = 10.0.40219.1
Project("{2150E333-8FDC-42A3-9474-1A3956D46DE8}") = "桌面端", "桌面端", "{E2655159-A730-4B01-9A36-48BCEEBEEB8E}"
EndProject
Project("{2150E333-8FDC-42A3-9474-1A3956D46DE8}") = "类库", "类库", "{EDB43B7F-7977-401D-866F-673ACCBE6CBA}"
EndProject
Project("{2150E333-8FDC-42A3-9474-1A3956D46DE8}") = "启动项", "启动项", "{217E4C29-42C4-4B4D-9762-FF0A477F8876}"
EndProject
Project("{2150E333-8FDC-42A3-9474-1A3956D46DE8}") = "控件", "控件", "{F496BB58-8098-4181-A275-A26AA3B0CE9F}"
EndProject
Project("{9A19103F-16F7-4668-BE54-9A1E7A4F7556}") = "CandySugar.Controls", "PC\CandySugar.Controls\CandySugar.Controls.csproj", "{3E8097F9-B151-4383-BD0C-C0334204E40F}"
EndProject
Project("{9A19103F-16F7-4668-BE54-9A1E7A4F7556}") = "CandySugar.Library", "PC\CandySugar.Library\CandySugar.Library.csproj", "{E7A4BDBC-D805-4297-8CF7-D65B65667216}"
EndProject
Project("{2150E333-8FDC-42A3-9474-1A3956D46DE8}") = "资源", "资源", "{457476F7-9FAC-40FA-B3B0-0AF86EBF745B}"
EndProject
Project("{9A19103F-16F7-4668-BE54-9A1E7A4F7556}") = "CandySugar.Resource", "PC\CandySugar.Resource\CandySugar.Resource.csproj", "{E095B1C9-CCCE-4A03-A738-CA22DB23D15A}"
EndProject
Project("{9A19103F-16F7-4668-BE54-9A1E7A4F7556}") = "CandySugar.Entry", "PC\CandySugar.Entry\CandySugar.Entry.csproj", "{A7DB5E0B-EDD6-418D-8098-A8A9BE27B60A}"
EndProject
Project("{9A19103F-16F7-4668-BE54-9A1E7A4F7556}") = "CandySugar.Logic", "PC\CandySugar.Logic\CandySugar.Logic.csproj", "{3364B081-802D-4C49-81EA-A22C116C2B18}"
EndProject
Project("{FAE04EC0-301F-11D3-BF4B-00C04F79EFBC}") = "CandySugar.Advance", "CandySugar.Advance\CandySugar.Advance.csproj", "{73368CC9-1299-48D6-B016-23D3DCE54B2B}"
EndProject
Global
	GlobalSection(SolutionConfigurationPlatforms) = preSolution
		Debug|Any CPU = Debug|Any CPU
		Release|Any CPU = Release|Any CPU
	EndGlobalSection
	GlobalSection(ProjectConfigurationPlatforms) = postSolution
		{3E8097F9-B151-4383-BD0C-C0334204E40F}.Debug|Any CPU.ActiveCfg = Debug|Any CPU
		{3E8097F9-B151-4383-BD0C-C0334204E40F}.Debug|Any CPU.Build.0 = Debug|Any CPU
		{3E8097F9-B151-4383-BD0C-C0334204E40F}.Release|Any CPU.ActiveCfg = Release|Any CPU
		{3E8097F9-B151-4383-BD0C-C0334204E40F}.Release|Any CPU.Build.0 = Release|Any CPU
		{E7A4BDBC-D805-4297-8CF7-D65B65667216}.Debug|Any CPU.ActiveCfg = Debug|Any CPU
		{E7A4BDBC-D805-4297-8CF7-D65B65667216}.Debug|Any CPU.Build.0 = Debug|Any CPU
		{E7A4BDBC-D805-4297-8CF7-D65B65667216}.Release|Any CPU.ActiveCfg = Release|Any CPU
		{E7A4BDBC-D805-4297-8CF7-D65B65667216}.Release|Any CPU.Build.0 = Release|Any CPU
		{E095B1C9-CCCE-4A03-A738-CA22DB23D15A}.Debug|Any CPU.ActiveCfg = Debug|Any CPU
		{E095B1C9-CCCE-4A03-A738-CA22DB23D15A}.Debug|Any CPU.Build.0 = Debug|Any CPU
		{E095B1C9-CCCE-4A03-A738-CA22DB23D15A}.Release|Any CPU.ActiveCfg = Release|Any CPU
		{E095B1C9-CCCE-4A03-A738-CA22DB23D15A}.Release|Any CPU.Build.0 = Release|Any CPU
		{A7DB5E0B-EDD6-418D-8098-A8A9BE27B60A}.Debug|Any CPU.ActiveCfg = Debug|Any CPU
		{A7DB5E0B-EDD6-418D-8098-A8A9BE27B60A}.Debug|Any CPU.Build.0 = Debug|Any CPU
		{A7DB5E0B-EDD6-418D-8098-A8A9BE27B60A}.Release|Any CPU.ActiveCfg = Release|Any CPU
		{A7DB5E0B-EDD6-418D-8098-A8A9BE27B60A}.Release|Any CPU.Build.0 = Release|Any CPU
		{3364B081-802D-4C49-81EA-A22C116C2B18}.Debug|Any CPU.ActiveCfg = Debug|Any CPU
		{3364B081-802D-4C49-81EA-A22C116C2B18}.Debug|Any CPU.Build.0 = Debug|Any CPU
		{3364B081-802D-4C49-81EA-A22C116C2B18}.Release|Any CPU.ActiveCfg = Release|Any CPU
		{3364B081-802D-4C49-81EA-A22C116C2B18}.Release|Any CPU.Build.0 = Release|Any CPU
		{73368CC9-1299-48D6-B016-23D3DCE54B2B}.Debug|Any CPU.ActiveCfg = Debug|Any CPU
		{73368CC9-1299-48D6-B016-23D3DCE54B2B}.Debug|Any CPU.Build.0 = Debug|Any CPU
		{73368CC9-1299-48D6-B016-23D3DCE54B2B}.Release|Any CPU.ActiveCfg = Release|Any CPU
		{73368CC9-1299-48D6-B016-23D3DCE54B2B}.Release|Any CPU.Build.0 = Release|Any CPU
	EndGlobalSection
	GlobalSection(SolutionProperties) = preSolution
		HideSolutionNode = FALSE
	EndGlobalSection
	GlobalSection(NestedProjects) = preSolution
		{EDB43B7F-7977-401D-866F-673ACCBE6CBA} = {E2655159-A730-4B01-9A36-48BCEEBEEB8E}
		{217E4C29-42C4-4B4D-9762-FF0A477F8876} = {E2655159-A730-4B01-9A36-48BCEEBEEB8E}
		{F496BB58-8098-4181-A275-A26AA3B0CE9F} = {E2655159-A730-4B01-9A36-48BCEEBEEB8E}
		{3E8097F9-B151-4383-BD0C-C0334204E40F} = {F496BB58-8098-4181-A275-A26AA3B0CE9F}
		{E7A4BDBC-D805-4297-8CF7-D65B65667216} = {EDB43B7F-7977-401D-866F-673ACCBE6CBA}
		{457476F7-9FAC-40FA-B3B0-0AF86EBF745B} = {E2655159-A730-4B01-9A36-48BCEEBEEB8E}
		{E095B1C9-CCCE-4A03-A738-CA22DB23D15A} = {457476F7-9FAC-40FA-B3B0-0AF86EBF745B}
		{A7DB5E0B-EDD6-418D-8098-A8A9BE27B60A} = {217E4C29-42C4-4B4D-9762-FF0A477F8876}
		{3364B081-802D-4C49-81EA-A22C116C2B18} = {EDB43B7F-7977-401D-866F-673ACCBE6CBA}
		{73368CC9-1299-48D6-B016-23D3DCE54B2B} = {217E4C29-42C4-4B4D-9762-FF0A477F8876}
	EndGlobalSection
	GlobalSection(ExtensibilityGlobals) = postSolution
		SolutionGuid = {F97AB604-6A74-4B7E-9792-59D62C7D490B}
	EndGlobalSection
EndGlobal
