
Microsoft Visual Studio Solution File, Format Version 12.00
# Visual Studio Version 17
VisualStudioVersion = 17.2.32427.441
MinimumVisualStudioVersion = 10.0.40219.1
Project("{2150E333-8FDC-42A3-9474-1A3956D46DE8}") = "桌面端", "桌面端", "{E2655159-A730-4B01-9A36-48BCEEBEEB8E}"
EndProject
Project("{2150E333-8FDC-42A3-9474-1A3956D46DE8}") = "类库", "类库", "{EDB43B7F-7977-401D-866F-673ACCBE6CBA}"
EndProject
Project("{2150E333-8FDC-42A3-9474-1A3956D46DE8}") = "启动项", "启动项", "{217E4C29-42C4-4B4D-9762-FF0A477F8876}"
EndProject
Project("{2150E333-8FDC-42A3-9474-1A3956D46DE8}") = "控件", "控件", "{F496BB58-8098-4181-A275-A26AA3B0CE9F}"
EndProject
Project("{9A19103F-16F7-4668-BE54-9A1E7A4F7556}") = "CandySugar.Controls", "PC\CandySugar.Controls\CandySugar.Controls.csproj", "{3E8097F9-B151-4383-BD0C-C0334204E40F}"
EndProject
Project("{9A19103F-16F7-4668-BE54-9A1E7A4F7556}") = "CandySugar.Library", "PC\CandySugar.Library\CandySugar.Library.csproj", "{E7A4BDBC-D805-4297-8CF7-D65B65667216}"
EndProject
Project("{2150E333-8FDC-42A3-9474-1A3956D46DE8}") = "资源", "资源", "{457476F7-9FAC-40FA-B3B0-0AF86EBF745B}"
EndProject
Project("{9A19103F-16F7-4668-BE54-9A1E7A4F7556}") = "CandySugar.Entry", "PC\CandySugar.Entry\CandySugar.Entry.csproj", "{A7DB5E0B-EDD6-418D-8098-A8A9BE27B60A}"
EndProject
Project("{9A19103F-16F7-4668-BE54-9A1E7A4F7556}") = "CandySugar.Logic", "PC\CandySugar.Logic\CandySugar.Logic.csproj", "{3364B081-802D-4C49-81EA-A22C116C2B18}"
EndProject
Project("{9A19103F-16F7-4668-BE54-9A1E7A4F7556}") = "CandySugar.Advance", "PC\CandySugar.Advance\CandySugar.Advance.csproj", "{471D28AD-511A-4D90-A5C8-7DFFD0A86F85}"
EndProject
Project("{2150E333-8FDC-42A3-9474-1A3956D46DE8}") = "移动端", "移动端", "{36509E84-F294-423B-A44E-20915C304543}"
EndProject
Project("{2150E333-8FDC-42A3-9474-1A3956D46DE8}") = "启动项", "启动项", "{28BFAD05-8421-451F-810E-F529B2BC5151}"
EndProject
Project("{2150E333-8FDC-42A3-9474-1A3956D46DE8}") = "类库", "类库", "{067D1887-5E25-4D9C-8892-50C6FFDA22C8}"
EndProject
Project("{2150E333-8FDC-42A3-9474-1A3956D46DE8}") = "控件", "控件", "{108B829F-71D3-4E39-82F1-FC828112404A}"
EndProject
Project("{9A19103F-16F7-4668-BE54-9A1E7A4F7556}") = "CandySugar.Resource", "PC\CandySugar.Resource\CandySugar.Resource.csproj", "{12F57958-3D45-4BA2-9605-1566AF953C26}"
EndProject
Project("{9A19103F-16F7-4668-BE54-9A1E7A4F7556}") = "CandySugar.Entry", "APP\CandySugar.Entry\CandySugar.Entry.csproj", "{43E73FD3-C2E8-44F3-8981-A4694306B079}"
EndProject
Project("{9A19103F-16F7-4668-BE54-9A1E7A4F7556}") = "CandySugar.Controls", "APP\CandySugar.Controls\CandySugar.Controls.csproj", "{E4834127-E8DF-40EE-B569-B16CA7C26E30}"
EndProject
Project("{9A19103F-16F7-4668-BE54-9A1E7A4F7556}") = "CandySugar.Library", "APP\CandySugar.Library\CandySugar.Library.csproj", "{9D5C42A3-2B0C-4AB0-B4AF-608602149762}"
EndProject
Project("{9A19103F-16F7-4668-BE54-9A1E7A4F7556}") = "CandySugar.Logic", "APP\CandySugar.Logic\CandySugar.Logic.csproj", "{C3F7C6DA-EF51-4668-A3DE-FAC1B9C39FC9}"
EndProject
Project("{2150E333-8FDC-42A3-9474-1A3956D46DE8}") = "网页端", "网页端", "{BB10838E-F259-496F-ABD7-CD5DDA8046C3}"
EndProject
Project("{2150E333-8FDC-42A3-9474-1A3956D46DE8}") = "启动项", "启动项", "{FA32986D-A721-4548-A906-4948D6DE2A1E}"
EndProject
Project("{9A19103F-16F7-4668-BE54-9A1E7A4F7556}") = "CandySugar.Entry", "Web\CandySugar.Entry\CandySugar.Entry.csproj", "{9FA041FA-C1E9-4C3B-A7E5-82808FE8A37D}"
EndProject
Project("{2150E333-8FDC-42A3-9474-1A3956D46DE8}") = "类库", "类库", "{631EE658-15B5-43AC-9E6D-71733CFC529C}"
EndProject
Project("{9A19103F-16F7-4668-BE54-9A1E7A4F7556}") = "CandySugar.Library", "Web\CandySugar.Library\CandySugar.Library.csproj", "{827FB11C-8C7B-4706-BF00-888291F66D4A}"
EndProject
Project("{2150E333-8FDC-42A3-9474-1A3956D46DE8}") = "新移动端", "新移动端", "{33E7D197-8BD1-4031-B03D-D73CE1C72400}"
EndProject
Project("{2150E333-8FDC-42A3-9474-1A3956D46DE8}") = "控件", "控件", "{BB58D1B4-CE4D-4A3D-9475-988C91C9042B}"
EndProject
Project("{2150E333-8FDC-42A3-9474-1A3956D46DE8}") = "类库", "类库", "{844CC809-7AA8-4A48-8DF4-388E63EA6E03}"
EndProject
Project("{2150E333-8FDC-42A3-9474-1A3956D46DE8}") = "启动项", "启动项", "{A47F7913-E0AC-4FAB-9939-096FD0A771E1}"
EndProject
Project("{9A19103F-16F7-4668-BE54-9A1E7A4F7556}") = "CandySugar.Entry", "APPX\CandySugar.Entry\CandySugar.Entry.csproj", "{1853E70D-5F75-498D-A3AA-12AE97FBD205}"
EndProject
Project("{9A19103F-16F7-4668-BE54-9A1E7A4F7556}") = "CandySugar.Logic", "APPX\CandySugar.Logic\CandySugar.Logic.csproj", "{96522547-1349-4FC9-8091-3438F91B092B}"
EndProject
Project("{9A19103F-16F7-4668-BE54-9A1E7A4F7556}") = "CandySugar.Library", "APPX\CandySugar.Library\CandySugar.Library.csproj", "{6E487C43-BC4E-4359-9CD8-2FECB32BFB04}"
EndProject
Project("{9A19103F-16F7-4668-BE54-9A1E7A4F7556}") = "CandySugar.Controls", "APPX\CandySugar.Controls\CandySugar.Controls.csproj", "{FB84C2B6-6059-4E18-8070-24711E077F50}"
EndProject
Project("{9A19103F-16F7-4668-BE54-9A1E7A4F7556}") = "CandySugar.Foundation", "APPX\CandySugar.Foundation\CandySugar.Foundation.csproj", "{88415475-1B0F-406B-887F-93E3D30F230D}"
EndProject
Project("{2150E333-8FDC-42A3-9474-1A3956D46DE8}") = "新桌面端", "新桌面端", "{6EC65E80-C2A1-4083-B459-E785926EF562}"
EndProject
Project("{2150E333-8FDC-42A3-9474-1A3956D46DE8}") = "资源", "资源", "{0B5075E5-1DDB-4811-B08E-F51509B9D950}"
EndProject
Project("{2150E333-8FDC-42A3-9474-1A3956D46DE8}") = "插件", "插件", "{85CAA985-60DD-4A30-A61A-55A17726924C}"
EndProject
Project("{2150E333-8FDC-42A3-9474-1A3956D46DE8}") = "控件", "控件", "{8EBFA93E-1F6F-4E44-B1DC-FB5763F634FF}"
EndProject
Project("{2150E333-8FDC-42A3-9474-1A3956D46DE8}") = "类库", "类库", "{515D0AD8-816F-46FA-8D39-E550C3B3CC1E}"
EndProject
Project("{9A19103F-16F7-4668-BE54-9A1E7A4F7556}") = "CandySugar.Com.Controls", "PCX\CandySugar.Com.Controls\CandySugar.Com.Controls.csproj", "{04AD06F8-7A8A-4DA8-9C44-5D971871959A}"
EndProject
Project("{9A19103F-16F7-4668-BE54-9A1E7A4F7556}") = "CandySugar.Com.Style", "PCX\CandySugar.Com.Style\CandySugar.Com.Style.csproj", "{7119D41F-7542-422F-BB1D-19FAD03FBD43}"
EndProject
Project("{9A19103F-16F7-4668-BE54-9A1E7A4F7556}") = "CandySugar.Com.Library", "PCX\CandySugar.Com.Library\CandySugar.Com.Library.csproj", "{FFECD0B7-2D50-47EF-BA25-39E46265DF0D}"
EndProject
Project("{9A19103F-16F7-4668-BE54-9A1E7A4F7556}") = "CandySugar.LightNovel", "PCX\Component\CandySugar.LightNovel\CandySugar.LightNovel.csproj", "{EA0B9F42-E396-453C-B5E3-CDF821886C91}"
EndProject
Project("{9A19103F-16F7-4668-BE54-9A1E7A4F7556}") = "CandySugar.EntryUI", "PCX\CandySugar.EntryUI\CandySugar.EntryUI.csproj", "{45928D2E-A873-4231-94E5-F577EAE39122}"
EndProject
Project("{2150E333-8FDC-42A3-9474-1A3956D46DE8}") = "启动项", "启动项", "{8EDAB186-F532-44C7-A0A0-55CDE01F67C8}"
EndProject
Project("{9A19103F-16F7-4668-BE54-9A1E7A4F7556}") = "CandySugar.Music", "PCX\Component\CandySugar.Music\CandySugar.Music.csproj", "{958AD7F2-87A1-4F42-8D32-8D444EBA00D3}"
EndProject
Project("{9A19103F-16F7-4668-BE54-9A1E7A4F7556}") = "CandySugar.Com.Options", "PCX\CandySugar.Com.Options\CandySugar.Com.Options.csproj", "{D3FD8862-59EB-4D8F-A92A-5425FD4DE7BA}"
EndProject
Project("{9A19103F-16F7-4668-BE54-9A1E7A4F7556}") = "CandySugar.WallPaper", "PCX\Component\CandySugar.WallPaper\CandySugar.WallPaper.csproj", "{8EEA7DE0-80BC-4105-8AE8-83F856E3D866}"
EndProject
Project("{FAE04EC0-301F-11D3-BF4B-00C04F79EFBC}") = "CandySugar.Bilibili", "PCX\Component\CandySugar.Bilibili\CandySugar.Bilibili.csproj", "{19E8CADE-CE77-41E5-96AA-36B8F8C903FA}"
EndProject
Global
	GlobalSection(SolutionConfigurationPlatforms) = preSolution
		Debug|Any CPU = Debug|Any CPU
		Release|Any CPU = Release|Any CPU
	EndGlobalSection
	GlobalSection(ProjectConfigurationPlatforms) = postSolution
		{3E8097F9-B151-4383-BD0C-C0334204E40F}.Debug|Any CPU.ActiveCfg = Debug|Any CPU
		{3E8097F9-B151-4383-BD0C-C0334204E40F}.Debug|Any CPU.Build.0 = Debug|Any CPU
		{3E8097F9-B151-4383-BD0C-C0334204E40F}.Release|Any CPU.ActiveCfg = Release|Any CPU
		{3E8097F9-B151-4383-BD0C-C0334204E40F}.Release|Any CPU.Build.0 = Release|Any CPU
		{E7A4BDBC-D805-4297-8CF7-D65B65667216}.Debug|Any CPU.ActiveCfg = Debug|Any CPU
		{E7A4BDBC-D805-4297-8CF7-D65B65667216}.Debug|Any CPU.Build.0 = Debug|Any CPU
		{E7A4BDBC-D805-4297-8CF7-D65B65667216}.Release|Any CPU.ActiveCfg = Release|Any CPU
		{E7A4BDBC-D805-4297-8CF7-D65B65667216}.Release|Any CPU.Build.0 = Release|Any CPU
		{A7DB5E0B-EDD6-418D-8098-A8A9BE27B60A}.Debug|Any CPU.ActiveCfg = Debug|Any CPU
		{A7DB5E0B-EDD6-418D-8098-A8A9BE27B60A}.Debug|Any CPU.Build.0 = Debug|Any CPU
		{A7DB5E0B-EDD6-418D-8098-A8A9BE27B60A}.Release|Any CPU.ActiveCfg = Release|Any CPU
		{A7DB5E0B-EDD6-418D-8098-A8A9BE27B60A}.Release|Any CPU.Build.0 = Release|Any CPU
		{3364B081-802D-4C49-81EA-A22C116C2B18}.Debug|Any CPU.ActiveCfg = Debug|Any CPU
		{3364B081-802D-4C49-81EA-A22C116C2B18}.Debug|Any CPU.Build.0 = Debug|Any CPU
		{3364B081-802D-4C49-81EA-A22C116C2B18}.Release|Any CPU.ActiveCfg = Release|Any CPU
		{3364B081-802D-4C49-81EA-A22C116C2B18}.Release|Any CPU.Build.0 = Release|Any CPU
		{471D28AD-511A-4D90-A5C8-7DFFD0A86F85}.Debug|Any CPU.ActiveCfg = Debug|Any CPU
		{471D28AD-511A-4D90-A5C8-7DFFD0A86F85}.Debug|Any CPU.Build.0 = Debug|Any CPU
		{471D28AD-511A-4D90-A5C8-7DFFD0A86F85}.Release|Any CPU.ActiveCfg = Release|Any CPU
		{471D28AD-511A-4D90-A5C8-7DFFD0A86F85}.Release|Any CPU.Build.0 = Release|Any CPU
		{12F57958-3D45-4BA2-9605-1566AF953C26}.Debug|Any CPU.ActiveCfg = Debug|Any CPU
		{12F57958-3D45-4BA2-9605-1566AF953C26}.Debug|Any CPU.Build.0 = Debug|Any CPU
		{12F57958-3D45-4BA2-9605-1566AF953C26}.Release|Any CPU.ActiveCfg = Release|Any CPU
		{12F57958-3D45-4BA2-9605-1566AF953C26}.Release|Any CPU.Build.0 = Release|Any CPU
		{43E73FD3-C2E8-44F3-8981-A4694306B079}.Debug|Any CPU.ActiveCfg = Debug|Any CPU
		{43E73FD3-C2E8-44F3-8981-A4694306B079}.Debug|Any CPU.Build.0 = Debug|Any CPU
		{43E73FD3-C2E8-44F3-8981-A4694306B079}.Debug|Any CPU.Deploy.0 = Debug|Any CPU
		{43E73FD3-C2E8-44F3-8981-A4694306B079}.Release|Any CPU.ActiveCfg = Release|Any CPU
		{43E73FD3-C2E8-44F3-8981-A4694306B079}.Release|Any CPU.Build.0 = Release|Any CPU
		{43E73FD3-C2E8-44F3-8981-A4694306B079}.Release|Any CPU.Deploy.0 = Release|Any CPU
		{E4834127-E8DF-40EE-B569-B16CA7C26E30}.Debug|Any CPU.ActiveCfg = Debug|Any CPU
		{E4834127-E8DF-40EE-B569-B16CA7C26E30}.Debug|Any CPU.Build.0 = Debug|Any CPU
		{E4834127-E8DF-40EE-B569-B16CA7C26E30}.Debug|Any CPU.Deploy.0 = Debug|Any CPU
		{E4834127-E8DF-40EE-B569-B16CA7C26E30}.Release|Any CPU.ActiveCfg = Release|Any CPU
		{E4834127-E8DF-40EE-B569-B16CA7C26E30}.Release|Any CPU.Build.0 = Release|Any CPU
		{E4834127-E8DF-40EE-B569-B16CA7C26E30}.Release|Any CPU.Deploy.0 = Release|Any CPU
		{9D5C42A3-2B0C-4AB0-B4AF-608602149762}.Debug|Any CPU.ActiveCfg = Debug|Any CPU
		{9D5C42A3-2B0C-4AB0-B4AF-608602149762}.Debug|Any CPU.Build.0 = Debug|Any CPU
		{9D5C42A3-2B0C-4AB0-B4AF-608602149762}.Debug|Any CPU.Deploy.0 = Debug|Any CPU
		{9D5C42A3-2B0C-4AB0-B4AF-608602149762}.Release|Any CPU.ActiveCfg = Release|Any CPU
		{9D5C42A3-2B0C-4AB0-B4AF-608602149762}.Release|Any CPU.Build.0 = Release|Any CPU
		{9D5C42A3-2B0C-4AB0-B4AF-608602149762}.Release|Any CPU.Deploy.0 = Release|Any CPU
		{C3F7C6DA-EF51-4668-A3DE-FAC1B9C39FC9}.Debug|Any CPU.ActiveCfg = Debug|Any CPU
		{C3F7C6DA-EF51-4668-A3DE-FAC1B9C39FC9}.Debug|Any CPU.Build.0 = Debug|Any CPU
		{C3F7C6DA-EF51-4668-A3DE-FAC1B9C39FC9}.Debug|Any CPU.Deploy.0 = Debug|Any CPU
		{C3F7C6DA-EF51-4668-A3DE-FAC1B9C39FC9}.Release|Any CPU.ActiveCfg = Release|Any CPU
		{C3F7C6DA-EF51-4668-A3DE-FAC1B9C39FC9}.Release|Any CPU.Build.0 = Release|Any CPU
		{C3F7C6DA-EF51-4668-A3DE-FAC1B9C39FC9}.Release|Any CPU.Deploy.0 = Release|Any CPU
		{9FA041FA-C1E9-4C3B-A7E5-82808FE8A37D}.Debug|Any CPU.ActiveCfg = Debug|Any CPU
		{9FA041FA-C1E9-4C3B-A7E5-82808FE8A37D}.Debug|Any CPU.Build.0 = Debug|Any CPU
		{9FA041FA-C1E9-4C3B-A7E5-82808FE8A37D}.Release|Any CPU.ActiveCfg = Release|Any CPU
		{9FA041FA-C1E9-4C3B-A7E5-82808FE8A37D}.Release|Any CPU.Build.0 = Release|Any CPU
		{827FB11C-8C7B-4706-BF00-888291F66D4A}.Debug|Any CPU.ActiveCfg = Debug|Any CPU
		{827FB11C-8C7B-4706-BF00-888291F66D4A}.Debug|Any CPU.Build.0 = Debug|Any CPU
		{827FB11C-8C7B-4706-BF00-888291F66D4A}.Release|Any CPU.ActiveCfg = Release|Any CPU
		{827FB11C-8C7B-4706-BF00-888291F66D4A}.Release|Any CPU.Build.0 = Release|Any CPU
		{1853E70D-5F75-498D-A3AA-12AE97FBD205}.Debug|Any CPU.ActiveCfg = Debug|Any CPU
		{1853E70D-5F75-498D-A3AA-12AE97FBD205}.Debug|Any CPU.Build.0 = Debug|Any CPU
		{1853E70D-5F75-498D-A3AA-12AE97FBD205}.Debug|Any CPU.Deploy.0 = Debug|Any CPU
		{1853E70D-5F75-498D-A3AA-12AE97FBD205}.Release|Any CPU.ActiveCfg = Release|Any CPU
		{1853E70D-5F75-498D-A3AA-12AE97FBD205}.Release|Any CPU.Build.0 = Release|Any CPU
		{1853E70D-5F75-498D-A3AA-12AE97FBD205}.Release|Any CPU.Deploy.0 = Release|Any CPU
		{96522547-1349-4FC9-8091-3438F91B092B}.Debug|Any CPU.ActiveCfg = Debug|Any CPU
		{96522547-1349-4FC9-8091-3438F91B092B}.Debug|Any CPU.Build.0 = Debug|Any CPU
		{96522547-1349-4FC9-8091-3438F91B092B}.Release|Any CPU.ActiveCfg = Release|Any CPU
		{96522547-1349-4FC9-8091-3438F91B092B}.Release|Any CPU.Build.0 = Release|Any CPU
		{6E487C43-BC4E-4359-9CD8-2FECB32BFB04}.Debug|Any CPU.ActiveCfg = Debug|Any CPU
		{6E487C43-BC4E-4359-9CD8-2FECB32BFB04}.Debug|Any CPU.Build.0 = Debug|Any CPU
		{6E487C43-BC4E-4359-9CD8-2FECB32BFB04}.Release|Any CPU.ActiveCfg = Release|Any CPU
		{6E487C43-BC4E-4359-9CD8-2FECB32BFB04}.Release|Any CPU.Build.0 = Release|Any CPU
		{FB84C2B6-6059-4E18-8070-24711E077F50}.Debug|Any CPU.ActiveCfg = Debug|Any CPU
		{FB84C2B6-6059-4E18-8070-24711E077F50}.Debug|Any CPU.Build.0 = Debug|Any CPU
		{FB84C2B6-6059-4E18-8070-24711E077F50}.Release|Any CPU.ActiveCfg = Release|Any CPU
		{FB84C2B6-6059-4E18-8070-24711E077F50}.Release|Any CPU.Build.0 = Release|Any CPU
		{88415475-1B0F-406B-887F-93E3D30F230D}.Debug|Any CPU.ActiveCfg = Debug|Any CPU
		{88415475-1B0F-406B-887F-93E3D30F230D}.Debug|Any CPU.Build.0 = Debug|Any CPU
		{88415475-1B0F-406B-887F-93E3D30F230D}.Release|Any CPU.ActiveCfg = Release|Any CPU
		{88415475-1B0F-406B-887F-93E3D30F230D}.Release|Any CPU.Build.0 = Release|Any CPU
		{04AD06F8-7A8A-4DA8-9C44-5D971871959A}.Debug|Any CPU.ActiveCfg = Debug|Any CPU
		{04AD06F8-7A8A-4DA8-9C44-5D971871959A}.Debug|Any CPU.Build.0 = Debug|Any CPU
		{04AD06F8-7A8A-4DA8-9C44-5D971871959A}.Release|Any CPU.ActiveCfg = Release|Any CPU
		{04AD06F8-7A8A-4DA8-9C44-5D971871959A}.Release|Any CPU.Build.0 = Release|Any CPU
		{7119D41F-7542-422F-BB1D-19FAD03FBD43}.Debug|Any CPU.ActiveCfg = Debug|Any CPU
		{7119D41F-7542-422F-BB1D-19FAD03FBD43}.Debug|Any CPU.Build.0 = Debug|Any CPU
		{7119D41F-7542-422F-BB1D-19FAD03FBD43}.Release|Any CPU.ActiveCfg = Release|Any CPU
		{7119D41F-7542-422F-BB1D-19FAD03FBD43}.Release|Any CPU.Build.0 = Release|Any CPU
		{FFECD0B7-2D50-47EF-BA25-39E46265DF0D}.Debug|Any CPU.ActiveCfg = Debug|Any CPU
		{FFECD0B7-2D50-47EF-BA25-39E46265DF0D}.Debug|Any CPU.Build.0 = Debug|Any CPU
		{FFECD0B7-2D50-47EF-BA25-39E46265DF0D}.Release|Any CPU.ActiveCfg = Release|Any CPU
		{FFECD0B7-2D50-47EF-BA25-39E46265DF0D}.Release|Any CPU.Build.0 = Release|Any CPU
		{EA0B9F42-E396-453C-B5E3-CDF821886C91}.Debug|Any CPU.ActiveCfg = Debug|Any CPU
		{EA0B9F42-E396-453C-B5E3-CDF821886C91}.Debug|Any CPU.Build.0 = Debug|Any CPU
		{EA0B9F42-E396-453C-B5E3-CDF821886C91}.Release|Any CPU.ActiveCfg = Release|Any CPU
		{EA0B9F42-E396-453C-B5E3-CDF821886C91}.Release|Any CPU.Build.0 = Release|Any CPU
		{45928D2E-A873-4231-94E5-F577EAE39122}.Debug|Any CPU.ActiveCfg = Debug|Any CPU
		{45928D2E-A873-4231-94E5-F577EAE39122}.Debug|Any CPU.Build.0 = Debug|Any CPU
		{45928D2E-A873-4231-94E5-F577EAE39122}.Release|Any CPU.ActiveCfg = Release|Any CPU
		{45928D2E-A873-4231-94E5-F577EAE39122}.Release|Any CPU.Build.0 = Release|Any CPU
		{958AD7F2-87A1-4F42-8D32-8D444EBA00D3}.Debug|Any CPU.ActiveCfg = Debug|Any CPU
		{958AD7F2-87A1-4F42-8D32-8D444EBA00D3}.Debug|Any CPU.Build.0 = Debug|Any CPU
		{958AD7F2-87A1-4F42-8D32-8D444EBA00D3}.Release|Any CPU.ActiveCfg = Release|Any CPU
		{958AD7F2-87A1-4F42-8D32-8D444EBA00D3}.Release|Any CPU.Build.0 = Release|Any CPU
		{D3FD8862-59EB-4D8F-A92A-5425FD4DE7BA}.Debug|Any CPU.ActiveCfg = Debug|Any CPU
		{D3FD8862-59EB-4D8F-A92A-5425FD4DE7BA}.Debug|Any CPU.Build.0 = Debug|Any CPU
		{D3FD8862-59EB-4D8F-A92A-5425FD4DE7BA}.Release|Any CPU.ActiveCfg = Release|Any CPU
		{D3FD8862-59EB-4D8F-A92A-5425FD4DE7BA}.Release|Any CPU.Build.0 = Release|Any CPU
		{8EEA7DE0-80BC-4105-8AE8-83F856E3D866}.Debug|Any CPU.ActiveCfg = Debug|Any CPU
		{8EEA7DE0-80BC-4105-8AE8-83F856E3D866}.Debug|Any CPU.Build.0 = Debug|Any CPU
		{8EEA7DE0-80BC-4105-8AE8-83F856E3D866}.Release|Any CPU.ActiveCfg = Release|Any CPU
		{8EEA7DE0-80BC-4105-8AE8-83F856E3D866}.Release|Any CPU.Build.0 = Release|Any CPU
		{19E8CADE-CE77-41E5-96AA-36B8F8C903FA}.Debug|Any CPU.ActiveCfg = Debug|Any CPU
		{19E8CADE-CE77-41E5-96AA-36B8F8C903FA}.Debug|Any CPU.Build.0 = Debug|Any CPU
		{19E8CADE-CE77-41E5-96AA-36B8F8C903FA}.Release|Any CPU.ActiveCfg = Release|Any CPU
		{19E8CADE-CE77-41E5-96AA-36B8F8C903FA}.Release|Any CPU.Build.0 = Release|Any CPU
	EndGlobalSection
	GlobalSection(SolutionProperties) = preSolution
		HideSolutionNode = FALSE
	EndGlobalSection
	GlobalSection(NestedProjects) = preSolution
		{EDB43B7F-7977-401D-866F-673ACCBE6CBA} = {E2655159-A730-4B01-9A36-48BCEEBEEB8E}
		{217E4C29-42C4-4B4D-9762-FF0A477F8876} = {E2655159-A730-4B01-9A36-48BCEEBEEB8E}
		{F496BB58-8098-4181-A275-A26AA3B0CE9F} = {E2655159-A730-4B01-9A36-48BCEEBEEB8E}
		{3E8097F9-B151-4383-BD0C-C0334204E40F} = {F496BB58-8098-4181-A275-A26AA3B0CE9F}
		{E7A4BDBC-D805-4297-8CF7-D65B65667216} = {EDB43B7F-7977-401D-866F-673ACCBE6CBA}
		{457476F7-9FAC-40FA-B3B0-0AF86EBF745B} = {E2655159-A730-4B01-9A36-48BCEEBEEB8E}
		{A7DB5E0B-EDD6-418D-8098-A8A9BE27B60A} = {217E4C29-42C4-4B4D-9762-FF0A477F8876}
		{3364B081-802D-4C49-81EA-A22C116C2B18} = {EDB43B7F-7977-401D-866F-673ACCBE6CBA}
		{471D28AD-511A-4D90-A5C8-7DFFD0A86F85} = {217E4C29-42C4-4B4D-9762-FF0A477F8876}
		{28BFAD05-8421-451F-810E-F529B2BC5151} = {36509E84-F294-423B-A44E-20915C304543}
		{067D1887-5E25-4D9C-8892-50C6FFDA22C8} = {36509E84-F294-423B-A44E-20915C304543}
		{108B829F-71D3-4E39-82F1-FC828112404A} = {36509E84-F294-423B-A44E-20915C304543}
		{12F57958-3D45-4BA2-9605-1566AF953C26} = {457476F7-9FAC-40FA-B3B0-0AF86EBF745B}
		{43E73FD3-C2E8-44F3-8981-A4694306B079} = {28BFAD05-8421-451F-810E-F529B2BC5151}
		{E4834127-E8DF-40EE-B569-B16CA7C26E30} = {108B829F-71D3-4E39-82F1-FC828112404A}
		{9D5C42A3-2B0C-4AB0-B4AF-608602149762} = {067D1887-5E25-4D9C-8892-50C6FFDA22C8}
		{C3F7C6DA-EF51-4668-A3DE-FAC1B9C39FC9} = {067D1887-5E25-4D9C-8892-50C6FFDA22C8}
		{FA32986D-A721-4548-A906-4948D6DE2A1E} = {BB10838E-F259-496F-ABD7-CD5DDA8046C3}
		{9FA041FA-C1E9-4C3B-A7E5-82808FE8A37D} = {FA32986D-A721-4548-A906-4948D6DE2A1E}
		{631EE658-15B5-43AC-9E6D-71733CFC529C} = {BB10838E-F259-496F-ABD7-CD5DDA8046C3}
		{827FB11C-8C7B-4706-BF00-888291F66D4A} = {631EE658-15B5-43AC-9E6D-71733CFC529C}
		{BB58D1B4-CE4D-4A3D-9475-988C91C9042B} = {33E7D197-8BD1-4031-B03D-D73CE1C72400}
		{844CC809-7AA8-4A48-8DF4-388E63EA6E03} = {33E7D197-8BD1-4031-B03D-D73CE1C72400}
		{A47F7913-E0AC-4FAB-9939-096FD0A771E1} = {33E7D197-8BD1-4031-B03D-D73CE1C72400}
		{1853E70D-5F75-498D-A3AA-12AE97FBD205} = {A47F7913-E0AC-4FAB-9939-096FD0A771E1}
		{96522547-1349-4FC9-8091-3438F91B092B} = {844CC809-7AA8-4A48-8DF4-388E63EA6E03}
		{6E487C43-BC4E-4359-9CD8-2FECB32BFB04} = {844CC809-7AA8-4A48-8DF4-388E63EA6E03}
		{FB84C2B6-6059-4E18-8070-24711E077F50} = {BB58D1B4-CE4D-4A3D-9475-988C91C9042B}
		{88415475-1B0F-406B-887F-93E3D30F230D} = {BB58D1B4-CE4D-4A3D-9475-988C91C9042B}
		{0B5075E5-1DDB-4811-B08E-F51509B9D950} = {6EC65E80-C2A1-4083-B459-E785926EF562}
		{85CAA985-60DD-4A30-A61A-55A17726924C} = {6EC65E80-C2A1-4083-B459-E785926EF562}
		{8EBFA93E-1F6F-4E44-B1DC-FB5763F634FF} = {6EC65E80-C2A1-4083-B459-E785926EF562}
		{515D0AD8-816F-46FA-8D39-E550C3B3CC1E} = {6EC65E80-C2A1-4083-B459-E785926EF562}
		{04AD06F8-7A8A-4DA8-9C44-5D971871959A} = {8EBFA93E-1F6F-4E44-B1DC-FB5763F634FF}
		{7119D41F-7542-422F-BB1D-19FAD03FBD43} = {0B5075E5-1DDB-4811-B08E-F51509B9D950}
		{FFECD0B7-2D50-47EF-BA25-39E46265DF0D} = {515D0AD8-816F-46FA-8D39-E550C3B3CC1E}
		{EA0B9F42-E396-453C-B5E3-CDF821886C91} = {85CAA985-60DD-4A30-A61A-55A17726924C}
		{45928D2E-A873-4231-94E5-F577EAE39122} = {8EDAB186-F532-44C7-A0A0-55CDE01F67C8}
		{8EDAB186-F532-44C7-A0A0-55CDE01F67C8} = {6EC65E80-C2A1-4083-B459-E785926EF562}
		{958AD7F2-87A1-4F42-8D32-8D444EBA00D3} = {85CAA985-60DD-4A30-A61A-55A17726924C}
		{D3FD8862-59EB-4D8F-A92A-5425FD4DE7BA} = {0B5075E5-1DDB-4811-B08E-F51509B9D950}
		{8EEA7DE0-80BC-4105-8AE8-83F856E3D866} = {85CAA985-60DD-4A30-A61A-55A17726924C}
		{19E8CADE-CE77-41E5-96AA-36B8F8C903FA} = {85CAA985-60DD-4A30-A61A-55A17726924C}
	EndGlobalSection
	GlobalSection(ExtensibilityGlobals) = postSolution
		SolutionGuid = {F97AB604-6A74-4B7E-9792-59D62C7D490B}
	EndGlobalSection
EndGlobal
