
Microsoft Visual Studio Solution File, Format Version 12.00
# Visual Studio Version 17
VisualStudioVersion = 17.2.32427.441
MinimumVisualStudioVersion = 10.0.40219.1
Project("{2150E333-8FDC-42A3-9474-1A3956D46DE8}") = "桌面端", "桌面端", "{E2655159-A730-4B01-9A36-48BCEEBEEB8E}"
EndProject
Project("{2150E333-8FDC-42A3-9474-1A3956D46DE8}") = "类库", "类库", "{EDB43B7F-7977-401D-866F-673ACCBE6CBA}"
EndProject
Project("{2150E333-8FDC-42A3-9474-1A3956D46DE8}") = "启动项", "启动项", "{217E4C29-42C4-4B4D-9762-FF0A477F8876}"
EndProject
Project("{2150E333-8FDC-42A3-9474-1A3956D46DE8}") = "控件", "控件", "{F496BB58-8098-4181-A275-A26AA3B0CE9F}"
EndProject
Project("{9A19103F-16F7-4668-BE54-9A1E7A4F7556}") = "CandySugar.Controls", "PC\CandySugar.Controls\CandySugar.Controls.csproj", "{3E8097F9-B151-4383-BD0C-C0334204E40F}"
EndProject
Project("{9A19103F-16F7-4668-BE54-9A1E7A4F7556}") = "CandySugar.Library", "PC\CandySugar.Library\CandySugar.Library.csproj", "{E7A4BDBC-D805-4297-8CF7-D65B65667216}"
EndProject
Project("{2150E333-8FDC-42A3-9474-1A3956D46DE8}") = "资源", "资源", "{457476F7-9FAC-40FA-B3B0-0AF86EBF745B}"
EndProject
Project("{9A19103F-16F7-4668-BE54-9A1E7A4F7556}") = "CandySugar.Entry", "PC\CandySugar.Entry\CandySugar.Entry.csproj", "{A7DB5E0B-EDD6-418D-8098-A8A9BE27B60A}"
EndProject
Project("{9A19103F-16F7-4668-BE54-9A1E7A4F7556}") = "CandySugar.Logic", "PC\CandySugar.Logic\CandySugar.Logic.csproj", "{3364B081-802D-4C49-81EA-A22C116C2B18}"
EndProject
Project("{9A19103F-16F7-4668-BE54-9A1E7A4F7556}") = "CandySugar.Advance", "PC\CandySugar.Advance\CandySugar.Advance.csproj", "{471D28AD-511A-4D90-A5C8-7DFFD0A86F85}"
EndProject
Project("{2150E333-8FDC-42A3-9474-1A3956D46DE8}") = "移动端", "移动端", "{36509E84-F294-423B-A44E-20915C304543}"
EndProject
Project("{2150E333-8FDC-42A3-9474-1A3956D46DE8}") = "启动项", "启动项", "{28BFAD05-8421-451F-810E-F529B2BC5151}"
EndProject
Project("{2150E333-8FDC-42A3-9474-1A3956D46DE8}") = "类库", "类库", "{067D1887-5E25-4D9C-8892-50C6FFDA22C8}"
EndProject
Project("{2150E333-8FDC-42A3-9474-1A3956D46DE8}") = "控件", "控件", "{108B829F-71D3-4E39-82F1-FC828112404A}"
EndProject
Project("{9A19103F-16F7-4668-BE54-9A1E7A4F7556}") = "CandySugar.Resource", "PC\CandySugar.Resource\CandySugar.Resource.csproj", "{12F57958-3D45-4BA2-9605-1566AF953C26}"
EndProject
Project("{9A19103F-16F7-4668-BE54-9A1E7A4F7556}") = "CandySugar.Entry", "APP\CandySugar.Entry\CandySugar.Entry.csproj", "{43E73FD3-C2E8-44F3-8981-A4694306B079}"
EndProject
Project("{9A19103F-16F7-4668-BE54-9A1E7A4F7556}") = "CandySugar.Controls", "APP\CandySugar.Controls\CandySugar.Controls.csproj", "{E4834127-E8DF-40EE-B569-B16CA7C26E30}"
EndProject
Project("{9A19103F-16F7-4668-BE54-9A1E7A4F7556}") = "CandySugar.Library", "APP\CandySugar.Library\CandySugar.Library.csproj", "{9D5C42A3-2B0C-4AB0-B4AF-608602149762}"
EndProject
Project("{9A19103F-16F7-4668-BE54-9A1E7A4F7556}") = "CandySugar.Logic", "APP\CandySugar.Logic\CandySugar.Logic.csproj", "{C3F7C6DA-EF51-4668-A3DE-FAC1B9C39FC9}"
EndProject
Project("{2150E333-8FDC-42A3-9474-1A3956D46DE8}") = "网页端", "网页端", "{BB10838E-F259-496F-ABD7-CD5DDA8046C3}"
EndProject
Project("{2150E333-8FDC-42A3-9474-1A3956D46DE8}") = "启动项", "启动项", "{FA32986D-A721-4548-A906-4948D6DE2A1E}"
EndProject
Project("{9A19103F-16F7-4668-BE54-9A1E7A4F7556}") = "CandySugar.Entry", "Web\CandySugar.Entry\CandySugar.Entry.csproj", "{9FA041FA-C1E9-4C3B-A7E5-82808FE8A37D}"
EndProject
Project("{2150E333-8FDC-42A3-9474-1A3956D46DE8}") = "类库", "类库", "{631EE658-15B5-43AC-9E6D-71733CFC529C}"
EndProject
Project("{9A19103F-16F7-4668-BE54-9A1E7A4F7556}") = "CandySugar.Library", "Web\CandySugar.Library\CandySugar.Library.csproj", "{827FB11C-8C7B-4706-BF00-888291F66D4A}"
EndProject
Project("{2150E333-8FDC-42A3-9474-1A3956D46DE8}") = "新移动端", "新移动端", "{33E7D197-8BD1-4031-B03D-D73CE1C72400}"
EndProject
Project("{2150E333-8FDC-42A3-9474-1A3956D46DE8}") = "控件", "控件", "{BB58D1B4-CE4D-4A3D-9475-988C91C9042B}"
EndProject
Project("{2150E333-8FDC-42A3-9474-1A3956D46DE8}") = "类库", "类库", "{844CC809-7AA8-4A48-8DF4-388E63EA6E03}"
EndProject
Project("{2150E333-8FDC-42A3-9474-1A3956D46DE8}") = "启动项", "启动项", "{A47F7913-E0AC-4FAB-9939-096FD0A771E1}"
EndProject
Global
	GlobalSection(SolutionConfigurationPlatforms) = preSolution
		Debug|Any CPU = Debug|Any CPU
		Release|Any CPU = Release|Any CPU
	EndGlobalSection
	GlobalSection(ProjectConfigurationPlatforms) = postSolution
		{3E8097F9-B151-4383-BD0C-C0334204E40F}.Debug|Any CPU.ActiveCfg = Debug|Any CPU
		{3E8097F9-B151-4383-BD0C-C0334204E40F}.Debug|Any CPU.Build.0 = Debug|Any CPU
		{3E8097F9-B151-4383-BD0C-C0334204E40F}.Release|Any CPU.ActiveCfg = Release|Any CPU
		{3E8097F9-B151-4383-BD0C-C0334204E40F}.Release|Any CPU.Build.0 = Release|Any CPU
		{E7A4BDBC-D805-4297-8CF7-D65B65667216}.Debug|Any CPU.ActiveCfg = Debug|Any CPU
		{E7A4BDBC-D805-4297-8CF7-D65B65667216}.Debug|Any CPU.Build.0 = Debug|Any CPU
		{E7A4BDBC-D805-4297-8CF7-D65B65667216}.Release|Any CPU.ActiveCfg = Release|Any CPU
		{E7A4BDBC-D805-4297-8CF7-D65B65667216}.Release|Any CPU.Build.0 = Release|Any CPU
		{A7DB5E0B-EDD6-418D-8098-A8A9BE27B60A}.Debug|Any CPU.ActiveCfg = Debug|Any CPU
		{A7DB5E0B-EDD6-418D-8098-A8A9BE27B60A}.Debug|Any CPU.Build.0 = Debug|Any CPU
		{A7DB5E0B-EDD6-418D-8098-A8A9BE27B60A}.Release|Any CPU.ActiveCfg = Release|Any CPU
		{A7DB5E0B-EDD6-418D-8098-A8A9BE27B60A}.Release|Any CPU.Build.0 = Release|Any CPU
		{3364B081-802D-4C49-81EA-A22C116C2B18}.Debug|Any CPU.ActiveCfg = Debug|Any CPU
		{3364B081-802D-4C49-81EA-A22C116C2B18}.Debug|Any CPU.Build.0 = Debug|Any CPU
		{3364B081-802D-4C49-81EA-A22C116C2B18}.Release|Any CPU.ActiveCfg = Release|Any CPU
		{3364B081-802D-4C49-81EA-A22C116C2B18}.Release|Any CPU.Build.0 = Release|Any CPU
		{471D28AD-511A-4D90-A5C8-7DFFD0A86F85}.Debug|Any CPU.ActiveCfg = Debug|Any CPU
		{471D28AD-511A-4D90-A5C8-7DFFD0A86F85}.Debug|Any CPU.Build.0 = Debug|Any CPU
		{471D28AD-511A-4D90-A5C8-7DFFD0A86F85}.Release|Any CPU.ActiveCfg = Release|Any CPU
		{471D28AD-511A-4D90-A5C8-7DFFD0A86F85}.Release|Any CPU.Build.0 = Release|Any CPU
		{12F57958-3D45-4BA2-9605-1566AF953C26}.Debug|Any CPU.ActiveCfg = Debug|Any CPU
		{12F57958-3D45-4BA2-9605-1566AF953C26}.Debug|Any CPU.Build.0 = Debug|Any CPU
		{12F57958-3D45-4BA2-9605-1566AF953C26}.Release|Any CPU.ActiveCfg = Release|Any CPU
		{12F57958-3D45-4BA2-9605-1566AF953C26}.Release|Any CPU.Build.0 = Release|Any CPU
		{43E73FD3-C2E8-44F3-8981-A4694306B079}.Debug|Any CPU.ActiveCfg = Debug|Any CPU
		{43E73FD3-C2E8-44F3-8981-A4694306B079}.Debug|Any CPU.Build.0 = Debug|Any CPU
		{43E73FD3-C2E8-44F3-8981-A4694306B079}.Debug|Any CPU.Deploy.0 = Debug|Any CPU
		{43E73FD3-C2E8-44F3-8981-A4694306B079}.Release|Any CPU.ActiveCfg = Release|Any CPU
		{43E73FD3-C2E8-44F3-8981-A4694306B079}.Release|Any CPU.Build.0 = Release|Any CPU
		{43E73FD3-C2E8-44F3-8981-A4694306B079}.Release|Any CPU.Deploy.0 = Release|Any CPU
		{E4834127-E8DF-40EE-B569-B16CA7C26E30}.Debug|Any CPU.ActiveCfg = Debug|Any CPU
		{E4834127-E8DF-40EE-B569-B16CA7C26E30}.Debug|Any CPU.Build.0 = Debug|Any CPU
		{E4834127-E8DF-40EE-B569-B16CA7C26E30}.Debug|Any CPU.Deploy.0 = Debug|Any CPU
		{E4834127-E8DF-40EE-B569-B16CA7C26E30}.Release|Any CPU.ActiveCfg = Release|Any CPU
		{E4834127-E8DF-40EE-B569-B16CA7C26E30}.Release|Any CPU.Build.0 = Release|Any CPU
		{E4834127-E8DF-40EE-B569-B16CA7C26E30}.Release|Any CPU.Deploy.0 = Release|Any CPU
		{9D5C42A3-2B0C-4AB0-B4AF-608602149762}.Debug|Any CPU.ActiveCfg = Debug|Any CPU
		{9D5C42A3-2B0C-4AB0-B4AF-608602149762}.Debug|Any CPU.Build.0 = Debug|Any CPU
		{9D5C42A3-2B0C-4AB0-B4AF-608602149762}.Debug|Any CPU.Deploy.0 = Debug|Any CPU
		{9D5C42A3-2B0C-4AB0-B4AF-608602149762}.Release|Any CPU.ActiveCfg = Release|Any CPU
		{9D5C42A3-2B0C-4AB0-B4AF-608602149762}.Release|Any CPU.Build.0 = Release|Any CPU
		{9D5C42A3-2B0C-4AB0-B4AF-608602149762}.Release|Any CPU.Deploy.0 = Release|Any CPU
		{C3F7C6DA-EF51-4668-A3DE-FAC1B9C39FC9}.Debug|Any CPU.ActiveCfg = Debug|Any CPU
		{C3F7C6DA-EF51-4668-A3DE-FAC1B9C39FC9}.Debug|Any CPU.Build.0 = Debug|Any CPU
		{C3F7C6DA-EF51-4668-A3DE-FAC1B9C39FC9}.Debug|Any CPU.Deploy.0 = Debug|Any CPU
		{C3F7C6DA-EF51-4668-A3DE-FAC1B9C39FC9}.Release|Any CPU.ActiveCfg = Release|Any CPU
		{C3F7C6DA-EF51-4668-A3DE-FAC1B9C39FC9}.Release|Any CPU.Build.0 = Release|Any CPU
		{C3F7C6DA-EF51-4668-A3DE-FAC1B9C39FC9}.Release|Any CPU.Deploy.0 = Release|Any CPU
		{9FA041FA-C1E9-4C3B-A7E5-82808FE8A37D}.Debug|Any CPU.ActiveCfg = Debug|Any CPU
		{9FA041FA-C1E9-4C3B-A7E5-82808FE8A37D}.Debug|Any CPU.Build.0 = Debug|Any CPU
		{9FA041FA-C1E9-4C3B-A7E5-82808FE8A37D}.Release|Any CPU.ActiveCfg = Release|Any CPU
		{9FA041FA-C1E9-4C3B-A7E5-82808FE8A37D}.Release|Any CPU.Build.0 = Release|Any CPU
		{827FB11C-8C7B-4706-BF00-888291F66D4A}.Debug|Any CPU.ActiveCfg = Debug|Any CPU
		{827FB11C-8C7B-4706-BF00-888291F66D4A}.Debug|Any CPU.Build.0 = Debug|Any CPU
		{827FB11C-8C7B-4706-BF00-888291F66D4A}.Release|Any CPU.ActiveCfg = Release|Any CPU
		{827FB11C-8C7B-4706-BF00-888291F66D4A}.Release|Any CPU.Build.0 = Release|Any CPU
	EndGlobalSection
	GlobalSection(SolutionProperties) = preSolution
		HideSolutionNode = FALSE
	EndGlobalSection
	GlobalSection(NestedProjects) = preSolution
		{EDB43B7F-7977-401D-866F-673ACCBE6CBA} = {E2655159-A730-4B01-9A36-48BCEEBEEB8E}
		{217E4C29-42C4-4B4D-9762-FF0A477F8876} = {E2655159-A730-4B01-9A36-48BCEEBEEB8E}
		{F496BB58-8098-4181-A275-A26AA3B0CE9F} = {E2655159-A730-4B01-9A36-48BCEEBEEB8E}
		{3E8097F9-B151-4383-BD0C-C0334204E40F} = {F496BB58-8098-4181-A275-A26AA3B0CE9F}
		{E7A4BDBC-D805-4297-8CF7-D65B65667216} = {EDB43B7F-7977-401D-866F-673ACCBE6CBA}
		{457476F7-9FAC-40FA-B3B0-0AF86EBF745B} = {E2655159-A730-4B01-9A36-48BCEEBEEB8E}
		{A7DB5E0B-EDD6-418D-8098-A8A9BE27B60A} = {217E4C29-42C4-4B4D-9762-FF0A477F8876}
		{3364B081-802D-4C49-81EA-A22C116C2B18} = {EDB43B7F-7977-401D-866F-673ACCBE6CBA}
		{471D28AD-511A-4D90-A5C8-7DFFD0A86F85} = {217E4C29-42C4-4B4D-9762-FF0A477F8876}
		{28BFAD05-8421-451F-810E-F529B2BC5151} = {36509E84-F294-423B-A44E-20915C304543}
		{067D1887-5E25-4D9C-8892-50C6FFDA22C8} = {36509E84-F294-423B-A44E-20915C304543}
		{108B829F-71D3-4E39-82F1-FC828112404A} = {36509E84-F294-423B-A44E-20915C304543}
		{12F57958-3D45-4BA2-9605-1566AF953C26} = {457476F7-9FAC-40FA-B3B0-0AF86EBF745B}
		{43E73FD3-C2E8-44F3-8981-A4694306B079} = {28BFAD05-8421-451F-810E-F529B2BC5151}
		{E4834127-E8DF-40EE-B569-B16CA7C26E30} = {108B829F-71D3-4E39-82F1-FC828112404A}
		{9D5C42A3-2B0C-4AB0-B4AF-608602149762} = {067D1887-5E25-4D9C-8892-50C6FFDA22C8}
		{C3F7C6DA-EF51-4668-A3DE-FAC1B9C39FC9} = {067D1887-5E25-4D9C-8892-50C6FFDA22C8}
		{FA32986D-A721-4548-A906-4948D6DE2A1E} = {BB10838E-F259-496F-ABD7-CD5DDA8046C3}
		{9FA041FA-C1E9-4C3B-A7E5-82808FE8A37D} = {FA32986D-A721-4548-A906-4948D6DE2A1E}
		{631EE658-15B5-43AC-9E6D-71733CFC529C} = {BB10838E-F259-496F-ABD7-CD5DDA8046C3}
		{827FB11C-8C7B-4706-BF00-888291F66D4A} = {631EE658-15B5-43AC-9E6D-71733CFC529C}
		{BB58D1B4-CE4D-4A3D-9475-988C91C9042B} = {33E7D197-8BD1-4031-B03D-D73CE1C72400}
		{844CC809-7AA8-4A48-8DF4-388E63EA6E03} = {33E7D197-8BD1-4031-B03D-D73CE1C72400}
		{A47F7913-E0AC-4FAB-9939-096FD0A771E1} = {33E7D197-8BD1-4031-B03D-D73CE1C72400}
	EndGlobalSection
	GlobalSection(ExtensibilityGlobals) = postSolution
		SolutionGuid = {F97AB604-6A74-4B7E-9792-59D62C7D490B}
	EndGlobalSection
EndGlobal
